// !$*UTF8*$!
{
	archiveVersion = 1;
	classes = {
	};
	objectVersion = 48;
	objects = {

/* Begin PBXBuildFile section */
		18005A1C1FAB2C6E00F1F04D /* R.generated.swift in Sources */ = {isa = PBXBuildFile; fileRef = 18005A1B1FAB2C6E00F1F04D /* R.generated.swift */; };
		18005A201FAB2D2300F1F04D /* KMHomeViewController.swift in Sources */ = {isa = PBXBuildFile; fileRef = 18005A1F1FAB2D2300F1F04D /* KMHomeViewController.swift */; };
		18005A221FAB2D4E00F1F04D /* KMMenuViewController.swift in Sources */ = {isa = PBXBuildFile; fileRef = 18005A211FAB2D4E00F1F04D /* KMMenuViewController.swift */; };
		183C3CC21FAAFC24006A8F39 /* AppDelegate.swift in Sources */ = {isa = PBXBuildFile; fileRef = 183C3CC11FAAFC24006A8F39 /* AppDelegate.swift */; };
		183C3CC41FAAFC24006A8F39 /* ViewController.swift in Sources */ = {isa = PBXBuildFile; fileRef = 183C3CC31FAAFC24006A8F39 /* ViewController.swift */; };
		183C3CC71FAAFC24006A8F39 /* Main.storyboard in Resources */ = {isa = PBXBuildFile; fileRef = 183C3CC51FAAFC24006A8F39 /* Main.storyboard */; };
		183C3CC91FAAFC24006A8F39 /* Assets.xcassets in Resources */ = {isa = PBXBuildFile; fileRef = 183C3CC81FAAFC24006A8F39 /* Assets.xcassets */; };
		183C3CCC1FAAFC24006A8F39 /* LaunchScreen.storyboard in Resources */ = {isa = PBXBuildFile; fileRef = 183C3CCA1FAAFC24006A8F39 /* LaunchScreen.storyboard */; };
		183C3CD71FAAFC24006A8F39 /* ZhiHuDailyTests.swift in Sources */ = {isa = PBXBuildFile; fileRef = 183C3CD61FAAFC24006A8F39 /* ZhiHuDailyTests.swift */; };
		183C3CE21FAAFC25006A8F39 /* ZhiHuDailyUITests.swift in Sources */ = {isa = PBXBuildFile; fileRef = 183C3CE11FAAFC25006A8F39 /* ZhiHuDailyUITests.swift */; };
		183C3CF91FAB1756006A8F39 /* KMStoryboard.storyboard in Resources */ = {isa = PBXBuildFile; fileRef = 183C3CF81FAB1756006A8F39 /* KMStoryboard.storyboard */; };
		183C3CFC1FAB2172006A8F39 /* KMEnum.swift in Sources */ = {isa = PBXBuildFile; fileRef = 183C3CFB1FAB2172006A8F39 /* KMEnum.swift */; };
		183C3CFE1FAB2190006A8F39 /* KMConst.swift in Sources */ = {isa = PBXBuildFile; fileRef = 183C3CFD1FAB2190006A8F39 /* KMConst.swift */; };
		183C3D001FAB21B4006A8F39 /* KMProtocol.swift in Sources */ = {isa = PBXBuildFile; fileRef = 183C3CFF1FAB21B4006A8F39 /* KMProtocol.swift */; };
		183C3D031FAB260B006A8F39 /* AppDelegate+Config.swift in Sources */ = {isa = PBXBuildFile; fileRef = 183C3D021FAB260B006A8F39 /* AppDelegate+Config.swift */; };
		1859E8B91FAC49CB005835B0 /* UITableView+Extension.swift in Sources */ = {isa = PBXBuildFile; fileRef = 1859E8B81FAC49CB005835B0 /* UITableView+Extension.swift */; };
		1859E8BB1FAC4A1A005835B0 /* KMThemeCell.swift in Sources */ = {isa = PBXBuildFile; fileRef = 1859E8BA1FAC4A1A005835B0 /* KMThemeCell.swift */; };
		1859E8BD1FAC4E76005835B0 /* API.swift in Sources */ = {isa = PBXBuildFile; fileRef = 1859E8BC1FAC4E76005835B0 /* API.swift */; };
		1859E8BF1FAC50CD005835B0 /* Network.swift in Sources */ = {isa = PBXBuildFile; fileRef = 1859E8BE1FAC50CD005835B0 /* Network.swift */; };
		1859E8C11FAC5F86005835B0 /* Response+ObjectMapper.swift in Sources */ = {isa = PBXBuildFile; fileRef = 1859E8C01FAC5F86005835B0 /* Response+ObjectMapper.swift */; };
		1859E8C31FAC6019005835B0 /* ZhiHuModel.swift in Sources */ = {isa = PBXBuildFile; fileRef = 1859E8C21FAC6019005835B0 /* ZhiHuModel.swift */; };
		1859E8C71FAC7095005835B0 /* KMToast.swift in Sources */ = {isa = PBXBuildFile; fileRef = 1859E8C61FAC7095005835B0 /* KMToast.swift */; };
		1859E8C91FAC77E0005835B0 /* KMHomeViewModel.swift in Sources */ = {isa = PBXBuildFile; fileRef = 1859E8C81FAC77E0005835B0 /* KMHomeViewModel.swift */; };
		186A4BDF1FAD58F90039AF9B /* KMRefreshTitleView.swift in Sources */ = {isa = PBXBuildFile; fileRef = 186A4BDE1FAD58F90039AF9B /* KMRefreshTitleView.swift */; };
		186A4BE11FAD6D380039AF9B /* KMBannerView.swift in Sources */ = {isa = PBXBuildFile; fileRef = 186A4BE01FAD6D380039AF9B /* KMBannerView.swift */; };
		186A4BE31FAD6E1D0039AF9B /* KMBannerCell.swift in Sources */ = {isa = PBXBuildFile; fileRef = 186A4BE21FAD6E1D0039AF9B /* KMBannerCell.swift */; };
		186A4BE51FADC03E0039AF9B /* UIViewController+Extension.swift in Sources */ = {isa = PBXBuildFile; fileRef = 186A4BE41FADC03E0039AF9B /* UIViewController+Extension.swift */; };
		FBF817F70C6F6787C4B71D2C /* Pods_ZhiHuDaily.framework in Frameworks */ = {isa = PBXBuildFile; fileRef = BAF7D07C358497748F333FC5 /* Pods_ZhiHuDaily.framework */; };
/* End PBXBuildFile section */

/* Begin PBXContainerItemProxy section */
		183C3CD31FAAFC24006A8F39 /* PBXContainerItemProxy */ = {
			isa = PBXContainerItemProxy;
			containerPortal = 183C3CB61FAAFC24006A8F39 /* Project object */;
			proxyType = 1;
			remoteGlobalIDString = 183C3CBD1FAAFC24006A8F39;
			remoteInfo = ZhiHuDaily;
		};
		183C3CDE1FAAFC25006A8F39 /* PBXContainerItemProxy */ = {
			isa = PBXContainerItemProxy;
			containerPortal = 183C3CB61FAAFC24006A8F39 /* Project object */;
			proxyType = 1;
			remoteGlobalIDString = 183C3CBD1FAAFC24006A8F39;
			remoteInfo = ZhiHuDaily;
		};
/* End PBXContainerItemProxy section */

/* Begin PBXFileReference section */
		0B01ED73AD5BAC6F185C0892 /* Pods-ZhiHuDaily.debug.xcconfig */ = {isa = PBXFileReference; includeInIndex = 1; lastKnownFileType = text.xcconfig; name = "Pods-ZhiHuDaily.debug.xcconfig"; path = "Pods/Target Support Files/Pods-ZhiHuDaily/Pods-ZhiHuDaily.debug.xcconfig"; sourceTree = "<group>"; };
		18005A1B1FAB2C6E00F1F04D /* R.generated.swift */ = {isa = PBXFileReference; lastKnownFileType = sourcecode.swift; path = R.generated.swift; sourceTree = SOURCE_ROOT; };
		18005A1F1FAB2D2300F1F04D /* KMHomeViewController.swift */ = {isa = PBXFileReference; lastKnownFileType = sourcecode.swift; path = KMHomeViewController.swift; sourceTree = "<group>"; };
		18005A211FAB2D4E00F1F04D /* KMMenuViewController.swift */ = {isa = PBXFileReference; lastKnownFileType = sourcecode.swift; path = KMMenuViewController.swift; sourceTree = "<group>"; };
		183C3CBE1FAAFC24006A8F39 /* ZhiHuDaily.app */ = {isa = PBXFileReference; explicitFileType = wrapper.application; includeInIndex = 0; path = ZhiHuDaily.app; sourceTree = BUILT_PRODUCTS_DIR; };
		183C3CC11FAAFC24006A8F39 /* AppDelegate.swift */ = {isa = PBXFileReference; lastKnownFileType = sourcecode.swift; path = AppDelegate.swift; sourceTree = "<group>"; };
		183C3CC31FAAFC24006A8F39 /* ViewController.swift */ = {isa = PBXFileReference; lastKnownFileType = sourcecode.swift; path = ViewController.swift; sourceTree = "<group>"; };
		183C3CC61FAAFC24006A8F39 /* Base */ = {isa = PBXFileReference; lastKnownFileType = file.storyboard; name = Base; path = Base.lproj/Main.storyboard; sourceTree = "<group>"; };
		183C3CC81FAAFC24006A8F39 /* Assets.xcassets */ = {isa = PBXFileReference; lastKnownFileType = folder.assetcatalog; path = Assets.xcassets; sourceTree = "<group>"; };
		183C3CCB1FAAFC24006A8F39 /* Base */ = {isa = PBXFileReference; lastKnownFileType = file.storyboard; name = Base; path = Base.lproj/LaunchScreen.storyboard; sourceTree = "<group>"; };
		183C3CCD1FAAFC24006A8F39 /* Info.plist */ = {isa = PBXFileReference; lastKnownFileType = text.plist.xml; path = Info.plist; sourceTree = "<group>"; };
		183C3CD21FAAFC24006A8F39 /* ZhiHuDailyTests.xctest */ = {isa = PBXFileReference; explicitFileType = wrapper.cfbundle; includeInIndex = 0; path = ZhiHuDailyTests.xctest; sourceTree = BUILT_PRODUCTS_DIR; };
		183C3CD61FAAFC24006A8F39 /* ZhiHuDailyTests.swift */ = {isa = PBXFileReference; lastKnownFileType = sourcecode.swift; path = ZhiHuDailyTests.swift; sourceTree = "<group>"; };
		183C3CD81FAAFC24006A8F39 /* Info.plist */ = {isa = PBXFileReference; lastKnownFileType = text.plist.xml; path = Info.plist; sourceTree = "<group>"; };
		183C3CDD1FAAFC25006A8F39 /* ZhiHuDailyUITests.xctest */ = {isa = PBXFileReference; explicitFileType = wrapper.cfbundle; includeInIndex = 0; path = ZhiHuDailyUITests.xctest; sourceTree = BUILT_PRODUCTS_DIR; };
		183C3CE11FAAFC25006A8F39 /* ZhiHuDailyUITests.swift */ = {isa = PBXFileReference; lastKnownFileType = sourcecode.swift; path = ZhiHuDailyUITests.swift; sourceTree = "<group>"; };
		183C3CE31FAAFC25006A8F39 /* Info.plist */ = {isa = PBXFileReference; lastKnownFileType = text.plist.xml; path = Info.plist; sourceTree = "<group>"; };
		183C3CF81FAB1756006A8F39 /* KMStoryboard.storyboard */ = {isa = PBXFileReference; lastKnownFileType = file.storyboard; path = KMStoryboard.storyboard; sourceTree = "<group>"; };
		183C3CFB1FAB2172006A8F39 /* KMEnum.swift */ = {isa = PBXFileReference; lastKnownFileType = sourcecode.swift; path = KMEnum.swift; sourceTree = "<group>"; };
		183C3CFD1FAB2190006A8F39 /* KMConst.swift */ = {isa = PBXFileReference; lastKnownFileType = sourcecode.swift; path = KMConst.swift; sourceTree = "<group>"; };
		183C3CFF1FAB21B4006A8F39 /* KMProtocol.swift */ = {isa = PBXFileReference; lastKnownFileType = sourcecode.swift; path = KMProtocol.swift; sourceTree = "<group>"; };
		183C3D021FAB260B006A8F39 /* AppDelegate+Config.swift */ = {isa = PBXFileReference; lastKnownFileType = sourcecode.swift; path = "AppDelegate+Config.swift"; sourceTree = "<group>"; };
		1859E8B81FAC49CB005835B0 /* UITableView+Extension.swift */ = {isa = PBXFileReference; lastKnownFileType = sourcecode.swift; path = "UITableView+Extension.swift"; sourceTree = "<group>"; };
		1859E8BA1FAC4A1A005835B0 /* KMThemeCell.swift */ = {isa = PBXFileReference; lastKnownFileType = sourcecode.swift; path = KMThemeCell.swift; sourceTree = "<group>"; };
		1859E8BC1FAC4E76005835B0 /* API.swift */ = {isa = PBXFileReference; lastKnownFileType = sourcecode.swift; path = API.swift; sourceTree = "<group>"; };
		1859E8BE1FAC50CD005835B0 /* Network.swift */ = {isa = PBXFileReference; lastKnownFileType = sourcecode.swift; path = Network.swift; sourceTree = "<group>"; };
		1859E8C01FAC5F86005835B0 /* Response+ObjectMapper.swift */ = {isa = PBXFileReference; lastKnownFileType = sourcecode.swift; path = "Response+ObjectMapper.swift"; sourceTree = "<group>"; };
		1859E8C21FAC6019005835B0 /* ZhiHuModel.swift */ = {isa = PBXFileReference; lastKnownFileType = sourcecode.swift; path = ZhiHuModel.swift; sourceTree = "<group>"; };
		1859E8C61FAC7095005835B0 /* KMToast.swift */ = {isa = PBXFileReference; lastKnownFileType = sourcecode.swift; path = KMToast.swift; sourceTree = "<group>"; };
		1859E8C81FAC77E0005835B0 /* KMHomeViewModel.swift */ = {isa = PBXFileReference; lastKnownFileType = sourcecode.swift; path = KMHomeViewModel.swift; sourceTree = "<group>"; };
		186A4BDE1FAD58F90039AF9B /* KMRefreshTitleView.swift */ = {isa = PBXFileReference; lastKnownFileType = sourcecode.swift; path = KMRefreshTitleView.swift; sourceTree = "<group>"; };
		186A4BE01FAD6D380039AF9B /* KMBannerView.swift */ = {isa = PBXFileReference; lastKnownFileType = sourcecode.swift; path = KMBannerView.swift; sourceTree = "<group>"; };
		186A4BE21FAD6E1D0039AF9B /* KMBannerCell.swift */ = {isa = PBXFileReference; lastKnownFileType = sourcecode.swift; path = KMBannerCell.swift; sourceTree = "<group>"; };
		186A4BE41FADC03E0039AF9B /* UIViewController+Extension.swift */ = {isa = PBXFileReference; lastKnownFileType = sourcecode.swift; path = "UIViewController+Extension.swift"; sourceTree = "<group>"; };
		981A96EB5DD14DD5A18B1296 /* Pods-ZhiHuDaily.release.xcconfig */ = {isa = PBXFileReference; includeInIndex = 1; lastKnownFileType = text.xcconfig; name = "Pods-ZhiHuDaily.release.xcconfig"; path = "Pods/Target Support Files/Pods-ZhiHuDaily/Pods-ZhiHuDaily.release.xcconfig"; sourceTree = "<group>"; };
		BAF7D07C358497748F333FC5 /* Pods_ZhiHuDaily.framework */ = {isa = PBXFileReference; explicitFileType = wrapper.framework; includeInIndex = 0; path = Pods_ZhiHuDaily.framework; sourceTree = BUILT_PRODUCTS_DIR; };
/* End PBXFileReference section */

/* Begin PBXFrameworksBuildPhase section */
		183C3CBB1FAAFC24006A8F39 /* Frameworks */ = {
			isa = PBXFrameworksBuildPhase;
			buildActionMask = 2147483647;
			files = (
				FBF817F70C6F6787C4B71D2C /* Pods_ZhiHuDaily.framework in Frameworks */,
			);
			runOnlyForDeploymentPostprocessing = 0;
		};
		183C3CCF1FAAFC24006A8F39 /* Frameworks */ = {
			isa = PBXFrameworksBuildPhase;
			buildActionMask = 2147483647;
			files = (
			);
			runOnlyForDeploymentPostprocessing = 0;
		};
		183C3CDA1FAAFC25006A8F39 /* Frameworks */ = {
			isa = PBXFrameworksBuildPhase;
			buildActionMask = 2147483647;
			files = (
			);
			runOnlyForDeploymentPostprocessing = 0;
		};
/* End PBXFrameworksBuildPhase section */

/* Begin PBXGroup section */
		183C3CB51FAAFC24006A8F39 = {
			isa = PBXGroup;
			children = (
				183C3CC01FAAFC24006A8F39 /* ZhiHuDaily */,
				183C3CD51FAAFC24006A8F39 /* ZhiHuDailyTests */,
				183C3CE01FAAFC25006A8F39 /* ZhiHuDailyUITests */,
				183C3CBF1FAAFC24006A8F39 /* Products */,
				922EDA4133A878E1F804C22B /* Pods */,
				643EBCF1D2E3F11AAADD851E /* Frameworks */,
			);
			sourceTree = "<group>";
		};
		183C3CBF1FAAFC24006A8F39 /* Products */ = {
			isa = PBXGroup;
			children = (
				183C3CBE1FAAFC24006A8F39 /* ZhiHuDaily.app */,
				183C3CD21FAAFC24006A8F39 /* ZhiHuDailyTests.xctest */,
				183C3CDD1FAAFC25006A8F39 /* ZhiHuDailyUITests.xctest */,
			);
			name = Products;
			sourceTree = "<group>";
		};
		183C3CC01FAAFC24006A8F39 /* ZhiHuDaily */ = {
			isa = PBXGroup;
			children = (
				183C3CF01FAB167D006A8F39 /* Class */,
				183C3CEF1FAB166E006A8F39 /* Assets */,
			);
			path = ZhiHuDaily;
			sourceTree = "<group>";
		};
		183C3CD51FAAFC24006A8F39 /* ZhiHuDailyTests */ = {
			isa = PBXGroup;
			children = (
				183C3CD61FAAFC24006A8F39 /* ZhiHuDailyTests.swift */,
				183C3CD81FAAFC24006A8F39 /* Info.plist */,
			);
			path = ZhiHuDailyTests;
			sourceTree = "<group>";
		};
		183C3CE01FAAFC25006A8F39 /* ZhiHuDailyUITests */ = {
			isa = PBXGroup;
			children = (
				183C3CE11FAAFC25006A8F39 /* ZhiHuDailyUITests.swift */,
				183C3CE31FAAFC25006A8F39 /* Info.plist */,
			);
			path = ZhiHuDailyUITests;
			sourceTree = "<group>";
		};
		183C3CEF1FAB166E006A8F39 /* Assets */ = {
			isa = PBXGroup;
			children = (
				183C3CC31FAAFC24006A8F39 /* ViewController.swift */,
				183C3CC51FAAFC24006A8F39 /* Main.storyboard */,
				183C3CC81FAAFC24006A8F39 /* Assets.xcassets */,
				183C3CCA1FAAFC24006A8F39 /* LaunchScreen.storyboard */,
				183C3CCD1FAAFC24006A8F39 /* Info.plist */,
			);
			path = Assets;
			sourceTree = "<group>";
		};
		183C3CF01FAB167D006A8F39 /* Class */ = {
			isa = PBXGroup;
			children = (
				1859E8B71FAC49AD005835B0 /* Extenstion */,
				183C3CF71FAB1714006A8F39 /* KMStoryboard */,
				183C3CF21FAB16A6006A8F39 /* MVVM */,
				183C3CFA1FAB2120006A8F39 /* Other */,
				183C3D011FAB21DD006A8F39 /* Network */,
				183C3CF11FAB168C006A8F39 /* AppDelegate */,
			);
			path = Class;
			sourceTree = "<group>";
		};
		183C3CF11FAB168C006A8F39 /* AppDelegate */ = {
			isa = PBXGroup;
			children = (
				183C3CC11FAAFC24006A8F39 /* AppDelegate.swift */,
				183C3D021FAB260B006A8F39 /* AppDelegate+Config.swift */,
			);
			path = AppDelegate;
			sourceTree = "<group>";
		};
		183C3CF21FAB16A6006A8F39 /* MVVM */ = {
			isa = PBXGroup;
			children = (
				183C3CF31FAB16B0006A8F39 /* ViewControllers */,
				183C3CF61FAB16D3006A8F39 /* Views */,
				183C3CF51FAB16CC006A8F39 /* ViewModels */,
				183C3CF41FAB16C6006A8F39 /* Models */,
			);
			path = MVVM;
			sourceTree = "<group>";
		};
		183C3CF31FAB16B0006A8F39 /* ViewControllers */ = {
			isa = PBXGroup;
			children = (
				18005A1F1FAB2D2300F1F04D /* KMHomeViewController.swift */,
				18005A211FAB2D4E00F1F04D /* KMMenuViewController.swift */,
			);
			path = ViewControllers;
			sourceTree = "<group>";
		};
		183C3CF41FAB16C6006A8F39 /* Models */ = {
			isa = PBXGroup;
			children = (
				1859E8C21FAC6019005835B0 /* ZhiHuModel.swift */,
			);
			path = Models;
			sourceTree = "<group>";
		};
		183C3CF51FAB16CC006A8F39 /* ViewModels */ = {
			isa = PBXGroup;
			children = (
				1859E8C81FAC77E0005835B0 /* KMHomeViewModel.swift */,
			);
			path = ViewModels;
			sourceTree = "<group>";
		};
		183C3CF61FAB16D3006A8F39 /* Views */ = {
			isa = PBXGroup;
			children = (
				1859E8BA1FAC4A1A005835B0 /* KMThemeCell.swift */,
				186A4BDE1FAD58F90039AF9B /* KMRefreshTitleView.swift */,
				186A4BE01FAD6D380039AF9B /* KMBannerView.swift */,
				186A4BE21FAD6E1D0039AF9B /* KMBannerCell.swift */,
			);
			path = Views;
			sourceTree = "<group>";
		};
		183C3CF71FAB1714006A8F39 /* KMStoryboard */ = {
			isa = PBXGroup;
			children = (
				183C3CF81FAB1756006A8F39 /* KMStoryboard.storyboard */,
			);
			path = KMStoryboard;
			sourceTree = "<group>";
		};
		183C3CFA1FAB2120006A8F39 /* Other */ = {
			isa = PBXGroup;
			children = (
				18005A1B1FAB2C6E00F1F04D /* R.generated.swift */,
				183C3CFB1FAB2172006A8F39 /* KMEnum.swift */,
				183C3CFD1FAB2190006A8F39 /* KMConst.swift */,
				183C3CFF1FAB21B4006A8F39 /* KMProtocol.swift */,
				1859E8C61FAC7095005835B0 /* KMToast.swift */,
			);
			path = Other;
			sourceTree = "<group>";
		};
		183C3D011FAB21DD006A8F39 /* Network */ = {
			isa = PBXGroup;
			children = (
				1859E8BC1FAC4E76005835B0 /* API.swift */,
				1859E8BE1FAC50CD005835B0 /* Network.swift */,
			);
			path = Network;
			sourceTree = "<group>";
		};
		1859E8B71FAC49AD005835B0 /* Extenstion */ = {
			isa = PBXGroup;
			children = (
				1859E8B81FAC49CB005835B0 /* UITableView+Extension.swift */,
				1859E8C01FAC5F86005835B0 /* Response+ObjectMapper.swift */,
				186A4BE41FADC03E0039AF9B /* UIViewController+Extension.swift */,
			);
			path = Extenstion;
			sourceTree = "<group>";
		};
		643EBCF1D2E3F11AAADD851E /* Frameworks */ = {
			isa = PBXGroup;
			children = (
				BAF7D07C358497748F333FC5 /* Pods_ZhiHuDaily.framework */,
			);
			name = Frameworks;
			sourceTree = "<group>";
		};
		922EDA4133A878E1F804C22B /* Pods */ = {
			isa = PBXGroup;
			children = (
				0B01ED73AD5BAC6F185C0892 /* Pods-ZhiHuDaily.debug.xcconfig */,
				981A96EB5DD14DD5A18B1296 /* Pods-ZhiHuDaily.release.xcconfig */,
			);
			name = Pods;
			sourceTree = "<group>";
		};
/* End PBXGroup section */

/* Begin PBXNativeTarget section */
		183C3CBD1FAAFC24006A8F39 /* ZhiHuDaily */ = {
			isa = PBXNativeTarget;
			buildConfigurationList = 183C3CE61FAAFC25006A8F39 /* Build configuration list for PBXNativeTarget "ZhiHuDaily" */;
			buildPhases = (
				3A73155C402986D43A8AC975 /* [CP] Check Pods Manifest.lock */,
				18005A191FAB2A6600F1F04D /* ShellScript */,
				183C3CBA1FAAFC24006A8F39 /* Sources */,
				183C3CBB1FAAFC24006A8F39 /* Frameworks */,
				183C3CBC1FAAFC24006A8F39 /* Resources */,
				1CE60AA080C6BE054C463F15 /* [CP] Embed Pods Frameworks */,
				1DE2155A1AB74CAAB7B493E1 /* [CP] Copy Pods Resources */,
			);
			buildRules = (
			);
			dependencies = (
			);
			name = ZhiHuDaily;
			productName = ZhiHuDaily;
			productReference = 183C3CBE1FAAFC24006A8F39 /* ZhiHuDaily.app */;
			productType = "com.apple.product-type.application";
		};
		183C3CD11FAAFC24006A8F39 /* ZhiHuDailyTests */ = {
			isa = PBXNativeTarget;
			buildConfigurationList = 183C3CE91FAAFC25006A8F39 /* Build configuration list for PBXNativeTarget "ZhiHuDailyTests" */;
			buildPhases = (
				183C3CCE1FAAFC24006A8F39 /* Sources */,
				183C3CCF1FAAFC24006A8F39 /* Frameworks */,
				183C3CD01FAAFC24006A8F39 /* Resources */,
			);
			buildRules = (
			);
			dependencies = (
				183C3CD41FAAFC24006A8F39 /* PBXTargetDependency */,
			);
			name = ZhiHuDailyTests;
			productName = ZhiHuDailyTests;
			productReference = 183C3CD21FAAFC24006A8F39 /* ZhiHuDailyTests.xctest */;
			productType = "com.apple.product-type.bundle.unit-test";
		};
		183C3CDC1FAAFC25006A8F39 /* ZhiHuDailyUITests */ = {
			isa = PBXNativeTarget;
			buildConfigurationList = 183C3CEC1FAAFC25006A8F39 /* Build configuration list for PBXNativeTarget "ZhiHuDailyUITests" */;
			buildPhases = (
				183C3CD91FAAFC25006A8F39 /* Sources */,
				183C3CDA1FAAFC25006A8F39 /* Frameworks */,
				183C3CDB1FAAFC25006A8F39 /* Resources */,
			);
			buildRules = (
			);
			dependencies = (
				183C3CDF1FAAFC25006A8F39 /* PBXTargetDependency */,
			);
			name = ZhiHuDailyUITests;
			productName = ZhiHuDailyUITests;
			productReference = 183C3CDD1FAAFC25006A8F39 /* ZhiHuDailyUITests.xctest */;
			productType = "com.apple.product-type.bundle.ui-testing";
		};
/* End PBXNativeTarget section */

/* Begin PBXProject section */
		183C3CB61FAAFC24006A8F39 /* Project object */ = {
			isa = PBXProject;
			attributes = {
				CLASSPREFIX = KM;
				LastSwiftUpdateCheck = 0900;
				LastUpgradeCheck = 0900;
				ORGANIZATIONNAME = KM;
				TargetAttributes = {
					183C3CBD1FAAFC24006A8F39 = {
						CreatedOnToolsVersion = 9.0;
						ProvisioningStyle = Automatic;
					};
					183C3CD11FAAFC24006A8F39 = {
						CreatedOnToolsVersion = 9.0;
						ProvisioningStyle = Automatic;
						TestTargetID = 183C3CBD1FAAFC24006A8F39;
					};
					183C3CDC1FAAFC25006A8F39 = {
						CreatedOnToolsVersion = 9.0;
						ProvisioningStyle = Automatic;
						TestTargetID = 183C3CBD1FAAFC24006A8F39;
					};
				};
			};
			buildConfigurationList = 183C3CB91FAAFC24006A8F39 /* Build configuration list for PBXProject "ZhiHuDaily" */;
			compatibilityVersion = "Xcode 8.0";
			developmentRegion = en;
			hasScannedForEncodings = 0;
			knownRegions = (
				en,
				Base,
			);
			mainGroup = 183C3CB51FAAFC24006A8F39;
			productRefGroup = 183C3CBF1FAAFC24006A8F39 /* Products */;
			projectDirPath = "";
			projectRoot = "";
			targets = (
				183C3CBD1FAAFC24006A8F39 /* ZhiHuDaily */,
				183C3CD11FAAFC24006A8F39 /* ZhiHuDailyTests */,
				183C3CDC1FAAFC25006A8F39 /* ZhiHuDailyUITests */,
			);
		};
/* End PBXProject section */

/* Begin PBXResourcesBuildPhase section */
		183C3CBC1FAAFC24006A8F39 /* Resources */ = {
			isa = PBXResourcesBuildPhase;
			buildActionMask = 2147483647;
			files = (
				183C3CCC1FAAFC24006A8F39 /* LaunchScreen.storyboard in Resources */,
				183C3CC91FAAFC24006A8F39 /* Assets.xcassets in Resources */,
				183C3CC71FAAFC24006A8F39 /* Main.storyboard in Resources */,
				183C3CF91FAB1756006A8F39 /* KMStoryboard.storyboard in Resources */,
			);
			runOnlyForDeploymentPostprocessing = 0;
		};
		183C3CD01FAAFC24006A8F39 /* Resources */ = {
			isa = PBXResourcesBuildPhase;
			buildActionMask = 2147483647;
			files = (
			);
			runOnlyForDeploymentPostprocessing = 0;
		};
		183C3CDB1FAAFC25006A8F39 /* Resources */ = {
			isa = PBXResourcesBuildPhase;
			buildActionMask = 2147483647;
			files = (
			);
			runOnlyForDeploymentPostprocessing = 0;
		};
/* End PBXResourcesBuildPhase section */

/* Begin PBXShellScriptBuildPhase section */
		18005A191FAB2A6600F1F04D /* ShellScript */ = {
			isa = PBXShellScriptBuildPhase;
			buildActionMask = 2147483647;
			files = (
			);
			inputPaths = (
			);
			outputPaths = (
			);
			runOnlyForDeploymentPostprocessing = 0;
			shellPath = /bin/sh;
			shellScript = "\"$PODS_ROOT/R.swift/rswift\" generate \"$SRCROOT\"";
		};
		1CE60AA080C6BE054C463F15 /* [CP] Embed Pods Frameworks */ = {
			isa = PBXShellScriptBuildPhase;
			buildActionMask = 2147483647;
			files = (
			);
			inputPaths = (
				"${SRCROOT}/Pods/Target Support Files/Pods-ZhiHuDaily/Pods-ZhiHuDaily-frameworks.sh",
				"${BUILT_PRODUCTS_DIR}/Alamofire/Alamofire.framework",
				"${BUILT_PRODUCTS_DIR}/CFNotify/CFNotify.framework",
				"${BUILT_PRODUCTS_DIR}/Differentiator/Differentiator.framework",
				"${BUILT_PRODUCTS_DIR}/Kingfisher/Kingfisher.framework",
				"${BUILT_PRODUCTS_DIR}/Moya/Moya.framework",
				"${BUILT_PRODUCTS_DIR}/NSObject+Rx/NSObject_Rx.framework",
				"${BUILT_PRODUCTS_DIR}/ObjectMapper/ObjectMapper.framework",
				"${BUILT_PRODUCTS_DIR}/R.swift.Library/Rswift.framework",
				"${BUILT_PRODUCTS_DIR}/Result/Result.framework",
				"${BUILT_PRODUCTS_DIR}/RxCocoa/RxCocoa.framework",
				"${BUILT_PRODUCTS_DIR}/RxDataSources/RxDataSources.framework",
				"${BUILT_PRODUCTS_DIR}/RxSwift/RxSwift.framework",
				"${BUILT_PRODUCTS_DIR}/SlideMenuControllerSwift/SlideMenuControllerSwift.framework",
				"${BUILT_PRODUCTS_DIR}/SwiftDate/SwiftDate.framework",
				"${BUILT_PRODUCTS_DIR}/SwifterSwift/SwifterSwift.framework",
				"${BUILT_PRODUCTS_DIR}/SwiftyBeaver/SwiftyBeaver.framework",
				"${BUILT_PRODUCTS_DIR}/Then/Then.framework",
			);
			name = "[CP] Embed Pods Frameworks";
			outputPaths = (
				"${TARGET_BUILD_DIR}/${FRAMEWORKS_FOLDER_PATH}/Alamofire.framework",
				"${TARGET_BUILD_DIR}/${FRAMEWORKS_FOLDER_PATH}/CFNotify.framework",
				"${TARGET_BUILD_DIR}/${FRAMEWORKS_FOLDER_PATH}/Differentiator.framework",
				"${TARGET_BUILD_DIR}/${FRAMEWORKS_FOLDER_PATH}/Kingfisher.framework",
				"${TARGET_BUILD_DIR}/${FRAMEWORKS_FOLDER_PATH}/Moya.framework",
				"${TARGET_BUILD_DIR}/${FRAMEWORKS_FOLDER_PATH}/NSObject_Rx.framework",
				"${TARGET_BUILD_DIR}/${FRAMEWORKS_FOLDER_PATH}/ObjectMapper.framework",
				"${TARGET_BUILD_DIR}/${FRAMEWORKS_FOLDER_PATH}/Rswift.framework",
				"${TARGET_BUILD_DIR}/${FRAMEWORKS_FOLDER_PATH}/Result.framework",
				"${TARGET_BUILD_DIR}/${FRAMEWORKS_FOLDER_PATH}/RxCocoa.framework",
				"${TARGET_BUILD_DIR}/${FRAMEWORKS_FOLDER_PATH}/RxDataSources.framework",
				"${TARGET_BUILD_DIR}/${FRAMEWORKS_FOLDER_PATH}/RxSwift.framework",
				"${TARGET_BUILD_DIR}/${FRAMEWORKS_FOLDER_PATH}/SlideMenuControllerSwift.framework",
				"${TARGET_BUILD_DIR}/${FRAMEWORKS_FOLDER_PATH}/SwiftDate.framework",
				"${TARGET_BUILD_DIR}/${FRAMEWORKS_FOLDER_PATH}/SwifterSwift.framework",
				"${TARGET_BUILD_DIR}/${FRAMEWORKS_FOLDER_PATH}/SwiftyBeaver.framework",
				"${TARGET_BUILD_DIR}/${FRAMEWORKS_FOLDER_PATH}/Then.framework",
			);
			runOnlyForDeploymentPostprocessing = 0;
			shellPath = /bin/sh;
			shellScript = "\"${SRCROOT}/Pods/Target Support Files/Pods-ZhiHuDaily/Pods-ZhiHuDaily-frameworks.sh\"\n";
			showEnvVarsInLog = 0;
		};
		1DE2155A1AB74CAAB7B493E1 /* [CP] Copy Pods Resources */ = {
			isa = PBXShellScriptBuildPhase;
			buildActionMask = 2147483647;
			files = (
			);
			inputPaths = (
			);
			name = "[CP] Copy Pods Resources";
			outputPaths = (
			);
			runOnlyForDeploymentPostprocessing = 0;
			shellPath = /bin/sh;
			shellScript = "\"${SRCROOT}/Pods/Target Support Files/Pods-ZhiHuDaily/Pods-ZhiHuDaily-resources.sh\"\n";
			showEnvVarsInLog = 0;
		};
		3A73155C402986D43A8AC975 /* [CP] Check Pods Manifest.lock */ = {
			isa = PBXShellScriptBuildPhase;
			buildActionMask = 2147483647;
			files = (
			);
			inputPaths = (
				"${PODS_PODFILE_DIR_PATH}/Podfile.lock",
				"${PODS_ROOT}/Manifest.lock",
			);
			name = "[CP] Check Pods Manifest.lock";
			outputPaths = (
				"$(DERIVED_FILE_DIR)/Pods-ZhiHuDaily-checkManifestLockResult.txt",
			);
			runOnlyForDeploymentPostprocessing = 0;
			shellPath = /bin/sh;
			shellScript = "diff \"${PODS_PODFILE_DIR_PATH}/Podfile.lock\" \"${PODS_ROOT}/Manifest.lock\" > /dev/null\nif [ $? != 0 ] ; then\n    # print error to STDERR\n    echo \"error: The sandbox is not in sync with the Podfile.lock. Run 'pod install' or update your CocoaPods installation.\" >&2\n    exit 1\nfi\n# This output is used by Xcode 'outputs' to avoid re-running this script phase.\necho \"SUCCESS\" > \"${SCRIPT_OUTPUT_FILE_0}\"\n";
			showEnvVarsInLog = 0;
		};
/* End PBXShellScriptBuildPhase section */

/* Begin PBXSourcesBuildPhase section */
		183C3CBA1FAAFC24006A8F39 /* Sources */ = {
			isa = PBXSourcesBuildPhase;
			buildActionMask = 2147483647;
			files = (
				1859E8C91FAC77E0005835B0 /* KMHomeViewModel.swift in Sources */,
				186A4BDF1FAD58F90039AF9B /* KMRefreshTitleView.swift in Sources */,
				1859E8BF1FAC50CD005835B0 /* Network.swift in Sources */,
				183C3CFC1FAB2172006A8F39 /* KMEnum.swift in Sources */,
				18005A1C1FAB2C6E00F1F04D /* R.generated.swift in Sources */,
				183C3D001FAB21B4006A8F39 /* KMProtocol.swift in Sources */,
				183C3CC41FAAFC24006A8F39 /* ViewController.swift in Sources */,
				183C3CC21FAAFC24006A8F39 /* AppDelegate.swift in Sources */,
				186A4BE11FAD6D380039AF9B /* KMBannerView.swift in Sources */,
				18005A201FAB2D2300F1F04D /* KMHomeViewController.swift in Sources */,
				1859E8BB1FAC4A1A005835B0 /* KMThemeCell.swift in Sources */,
				18005A221FAB2D4E00F1F04D /* KMMenuViewController.swift in Sources */,
				1859E8B91FAC49CB005835B0 /* UITableView+Extension.swift in Sources */,
				183C3D031FAB260B006A8F39 /* AppDelegate+Config.swift in Sources */,
				1859E8C71FAC7095005835B0 /* KMToast.swift in Sources */,
				186A4BE31FAD6E1D0039AF9B /* KMBannerCell.swift in Sources */,
				1859E8BD1FAC4E76005835B0 /* API.swift in Sources */,
				1859E8C11FAC5F86005835B0 /* Response+ObjectMapper.swift in Sources */,
				186A4BE51FADC03E0039AF9B /* UIViewController+Extension.swift in Sources */,
				1859E8C31FAC6019005835B0 /* ZhiHuModel.swift in Sources */,
				183C3CFE1FAB2190006A8F39 /* KMConst.swift in Sources */,
			);
			runOnlyForDeploymentPostprocessing = 0;
		};
		183C3CCE1FAAFC24006A8F39 /* Sources */ = {
			isa = PBXSourcesBuildPhase;
			buildActionMask = 2147483647;
			files = (
				183C3CD71FAAFC24006A8F39 /* ZhiHuDailyTests.swift in Sources */,
			);
			runOnlyForDeploymentPostprocessing = 0;
		};
		183C3CD91FAAFC25006A8F39 /* Sources */ = {
			isa = PBXSourcesBuildPhase;
			buildActionMask = 2147483647;
			files = (
				183C3CE21FAAFC25006A8F39 /* ZhiHuDailyUITests.swift in Sources */,
			);
			runOnlyForDeploymentPostprocessing = 0;
		};
/* End PBXSourcesBuildPhase section */

/* Begin PBXTargetDependency section */
		183C3CD41FAAFC24006A8F39 /* PBXTargetDependency */ = {
			isa = PBXTargetDependency;
			target = 183C3CBD1FAAFC24006A8F39 /* ZhiHuDaily */;
			targetProxy = 183C3CD31FAAFC24006A8F39 /* PBXContainerItemProxy */;
		};
		183C3CDF1FAAFC25006A8F39 /* PBXTargetDependency */ = {
			isa = PBXTargetDependency;
			target = 183C3CBD1FAAFC24006A8F39 /* ZhiHuDaily */;
			targetProxy = 183C3CDE1FAAFC25006A8F39 /* PBXContainerItemProxy */;
		};
/* End PBXTargetDependency section */

/* Begin PBXVariantGroup section */
		183C3CC51FAAFC24006A8F39 /* Main.storyboard */ = {
			isa = PBXVariantGroup;
			children = (
				183C3CC61FAAFC24006A8F39 /* Base */,
			);
			name = Main.storyboard;
			sourceTree = "<group>";
		};
		183C3CCA1FAAFC24006A8F39 /* LaunchScreen.storyboard */ = {
			isa = PBXVariantGroup;
			children = (
				183C3CCB1FAAFC24006A8F39 /* Base */,
			);
			name = LaunchScreen.storyboard;
			sourceTree = "<group>";
		};
/* End PBXVariantGroup section */

/* Begin XCBuildConfiguration section */
		183C3CE41FAAFC25006A8F39 /* Debug */ = {
			isa = XCBuildConfiguration;
			buildSettings = {
				ALWAYS_SEARCH_USER_PATHS = NO;
				CLANG_ANALYZER_NONNULL = YES;
				CLANG_ANALYZER_NUMBER_OBJECT_CONVERSION = YES_AGGRESSIVE;
				CLANG_CXX_LANGUAGE_STANDARD = "gnu++14";
				CLANG_CXX_LIBRARY = "libc++";
				CLANG_ENABLE_MODULES = YES;
				CLANG_ENABLE_OBJC_ARC = YES;
				CLANG_WARN_BLOCK_CAPTURE_AUTORELEASING = YES;
				CLANG_WARN_BOOL_CONVERSION = YES;
				CLANG_WARN_COMMA = YES;
				CLANG_WARN_CONSTANT_CONVERSION = YES;
				CLANG_WARN_DIRECT_OBJC_ISA_USAGE = YES_ERROR;
				CLANG_WARN_DOCUMENTATION_COMMENTS = YES;
				CLANG_WARN_EMPTY_BODY = YES;
				CLANG_WARN_ENUM_CONVERSION = YES;
				CLANG_WARN_INFINITE_RECURSION = YES;
				CLANG_WARN_INT_CONVERSION = YES;
				CLANG_WARN_NON_LITERAL_NULL_CONVERSION = YES;
				CLANG_WARN_OBJC_LITERAL_CONVERSION = YES;
				CLANG_WARN_OBJC_ROOT_CLASS = YES_ERROR;
				CLANG_WARN_RANGE_LOOP_ANALYSIS = YES;
				CLANG_WARN_STRICT_PROTOTYPES = YES;
				CLANG_WARN_SUSPICIOUS_MOVE = YES;
				CLANG_WARN_UNGUARDED_AVAILABILITY = YES_AGGRESSIVE;
				CLANG_WARN_UNREACHABLE_CODE = YES;
				CLANG_WARN__DUPLICATE_METHOD_MATCH = YES;
				CODE_SIGN_IDENTITY = "iPhone Developer";
				COPY_PHASE_STRIP = NO;
				DEBUG_INFORMATION_FORMAT = dwarf;
				ENABLE_STRICT_OBJC_MSGSEND = YES;
				ENABLE_TESTABILITY = YES;
				GCC_C_LANGUAGE_STANDARD = gnu11;
				GCC_DYNAMIC_NO_PIC = NO;
				GCC_NO_COMMON_BLOCKS = YES;
				GCC_OPTIMIZATION_LEVEL = 0;
				GCC_PREPROCESSOR_DEFINITIONS = (
					"DEBUG=1",
					"$(inherited)",
				);
				GCC_WARN_64_TO_32_BIT_CONVERSION = YES;
				GCC_WARN_ABOUT_RETURN_TYPE = YES_ERROR;
				GCC_WARN_UNDECLARED_SELECTOR = YES;
				GCC_WARN_UNINITIALIZED_AUTOS = YES_AGGRESSIVE;
				GCC_WARN_UNUSED_FUNCTION = YES;
				GCC_WARN_UNUSED_VARIABLE = YES;
				IPHONEOS_DEPLOYMENT_TARGET = 9.0;
				MTL_ENABLE_DEBUG_INFO = YES;
				ONLY_ACTIVE_ARCH = YES;
				SDKROOT = iphoneos;
				SWIFT_ACTIVE_COMPILATION_CONDITIONS = DEBUG;
				SWIFT_OPTIMIZATION_LEVEL = "-Onone";
			};
			name = Debug;
		};
		183C3CE51FAAFC25006A8F39 /* Release */ = {
			isa = XCBuildConfiguration;
			buildSettings = {
				ALWAYS_SEARCH_USER_PATHS = NO;
				CLANG_ANALYZER_NONNULL = YES;
				CLANG_ANALYZER_NUMBER_OBJECT_CONVERSION = YES_AGGRESSIVE;
				CLANG_CXX_LANGUAGE_STANDARD = "gnu++14";
				CLANG_CXX_LIBRARY = "libc++";
				CLANG_ENABLE_MODULES = YES;
				CLANG_ENABLE_OBJC_ARC = YES;
				CLANG_WARN_BLOCK_CAPTURE_AUTORELEASING = YES;
				CLANG_WARN_BOOL_CONVERSION = YES;
				CLANG_WARN_COMMA = YES;
				CLANG_WARN_CONSTANT_CONVERSION = YES;
				CLANG_WARN_DIRECT_OBJC_ISA_USAGE = YES_ERROR;
				CLANG_WARN_DOCUMENTATION_COMMENTS = YES;
				CLANG_WARN_EMPTY_BODY = YES;
				CLANG_WARN_ENUM_CONVERSION = YES;
				CLANG_WARN_INFINITE_RECURSION = YES;
				CLANG_WARN_INT_CONVERSION = YES;
				CLANG_WARN_NON_LITERAL_NULL_CONVERSION = YES;
				CLANG_WARN_OBJC_LITERAL_CONVERSION = YES;
				CLANG_WARN_OBJC_ROOT_CLASS = YES_ERROR;
				CLANG_WARN_RANGE_LOOP_ANALYSIS = YES;
				CLANG_WARN_STRICT_PROTOTYPES = YES;
				CLANG_WARN_SUSPICIOUS_MOVE = YES;
				CLANG_WARN_UNGUARDED_AVAILABILITY = YES_AGGRESSIVE;
				CLANG_WARN_UNREACHABLE_CODE = YES;
				CLANG_WARN__DUPLICATE_METHOD_MATCH = YES;
				CODE_SIGN_IDENTITY = "iPhone Developer";
				COPY_PHASE_STRIP = NO;
				DEBUG_INFORMATION_FORMAT = "dwarf-with-dsym";
				ENABLE_NS_ASSERTIONS = NO;
				ENABLE_STRICT_OBJC_MSGSEND = YES;
				GCC_C_LANGUAGE_STANDARD = gnu11;
				GCC_NO_COMMON_BLOCKS = YES;
				GCC_WARN_64_TO_32_BIT_CONVERSION = YES;
				GCC_WARN_ABOUT_RETURN_TYPE = YES_ERROR;
				GCC_WARN_UNDECLARED_SELECTOR = YES;
				GCC_WARN_UNINITIALIZED_AUTOS = YES_AGGRESSIVE;
				GCC_WARN_UNUSED_FUNCTION = YES;
				GCC_WARN_UNUSED_VARIABLE = YES;
				IPHONEOS_DEPLOYMENT_TARGET = 9.0;
				MTL_ENABLE_DEBUG_INFO = NO;
				SDKROOT = iphoneos;
				SWIFT_OPTIMIZATION_LEVEL = "-Owholemodule";
				VALIDATE_PRODUCT = YES;
			};
			name = Release;
		};
		183C3CE71FAAFC25006A8F39 /* Debug */ = {
			isa = XCBuildConfiguration;
			baseConfigurationReference = 0B01ED73AD5BAC6F185C0892 /* Pods-ZhiHuDaily.debug.xcconfig */;
			buildSettings = {
				ASSETCATALOG_COMPILER_APPICON_NAME = AppIcon;
				CODE_SIGN_STYLE = Automatic;
				DEVELOPMENT_TEAM = AGMG4744FS;
				INFOPLIST_FILE = "$(SRCROOT)/ZhiHuDaily/Assets/Info.plist";
				LD_RUNPATH_SEARCH_PATHS = "$(inherited) @executable_path/Frameworks";
				PRODUCT_BUNDLE_IDENTIFIER = com.km.ZhiHuDaily;
				PRODUCT_NAME = "$(TARGET_NAME)";
				SWIFT_VERSION = 4.0;
				TARGETED_DEVICE_FAMILY = "1,2";
			};
			name = Debug;
		};
		183C3CE81FAAFC25006A8F39 /* Release */ = {
			isa = XCBuildConfiguration;
			baseConfigurationReference = 981A96EB5DD14DD5A18B1296 /* Pods-ZhiHuDaily.release.xcconfig */;
			buildSettings = {
				ASSETCATALOG_COMPILER_APPICON_NAME = AppIcon;
				CODE_SIGN_STYLE = Automatic;
				DEVELOPMENT_TEAM = AGMG4744FS;
				INFOPLIST_FILE = "$(SRCROOT)/ZhiHuDaily/Assets/Info.plist";
				LD_RUNPATH_SEARCH_PATHS = "$(inherited) @executable_path/Frameworks";
				PRODUCT_BUNDLE_IDENTIFIER = com.km.ZhiHuDaily;
				PRODUCT_NAME = "$(TARGET_NAME)";
				SWIFT_VERSION = 4.0;
				TARGETED_DEVICE_FAMILY = "1,2";
			};
			name = Release;
		};
		183C3CEA1FAAFC25006A8F39 /* Debug */ = {
			isa = XCBuildConfiguration;
			buildSettings = {
				ALWAYS_EMBED_SWIFT_STANDARD_LIBRARIES = YES;
				BUNDLE_LOADER = "$(TEST_HOST)";
				CODE_SIGN_STYLE = Automatic;
				DEVELOPMENT_TEAM = AGMG4744FS;
				INFOPLIST_FILE = ZhiHuDailyTests/Info.plist;
				LD_RUNPATH_SEARCH_PATHS = "$(inherited) @executable_path/Frameworks @loader_path/Frameworks";
				PRODUCT_BUNDLE_IDENTIFIER = com.km.ZhiHuDailyTests;
				PRODUCT_NAME = "$(TARGET_NAME)";
				SWIFT_VERSION = 4.0;
				TARGETED_DEVICE_FAMILY = "1,2";
				TEST_HOST = "$(BUILT_PRODUCTS_DIR)/ZhiHuDaily.app/ZhiHuDaily";
			};
			name = Debug;
		};
		183C3CEB1FAAFC25006A8F39 /* Release */ = {
			isa = XCBuildConfiguration;
			buildSettings = {
				ALWAYS_EMBED_SWIFT_STANDARD_LIBRARIES = YES;
				BUNDLE_LOADER = "$(TEST_HOST)";
				CODE_SIGN_STYLE = Automatic;
				DEVELOPMENT_TEAM = AGMG4744FS;
				INFOPLIST_FILE = ZhiHuDailyTests/Info.plist;
				LD_RUNPATH_SEARCH_PATHS = "$(inherited) @executable_path/Frameworks @loader_path/Frameworks";
				PRODUCT_BUNDLE_IDENTIFIER = com.km.ZhiHuDailyTests;
				PRODUCT_NAME = "$(TARGET_NAME)";
				SWIFT_VERSION = 4.0;
				TARGETED_DEVICE_FAMILY = "1,2";
				TEST_HOST = "$(BUILT_PRODUCTS_DIR)/ZhiHuDaily.app/ZhiHuDaily";
			};
			name = Release;
		};
		183C3CED1FAAFC25006A8F39 /* Debug */ = {
			isa = XCBuildConfiguration;
			buildSettings = {
				ALWAYS_EMBED_SWIFT_STANDARD_LIBRARIES = YES;
				CODE_SIGN_STYLE = Automatic;
				DEVELOPMENT_TEAM = AGMG4744FS;
				INFOPLIST_FILE = ZhiHuDailyUITests/Info.plist;
				LD_RUNPATH_SEARCH_PATHS = "$(inherited) @executable_path/Frameworks @loader_path/Frameworks";
				PRODUCT_BUNDLE_IDENTIFIER = com.km.ZhiHuDailyUITests;
				PRODUCT_NAME = "$(TARGET_NAME)";
				SWIFT_VERSION = 4.0;
				TARGETED_DEVICE_FAMILY = "1,2";
				TEST_TARGET_NAME = ZhiHuDaily;
			};
			name = Debug;
		};
		183C3CEE1FAAFC25006A8F39 /* Release */ = {
			isa = XCBuildConfiguration;
			buildSettings = {
				ALWAYS_EMBED_SWIFT_STANDARD_LIBRARIES = YES;
				CODE_SIGN_STYLE = Automatic;
				DEVELOPMENT_TEAM = AGMG4744FS;
				INFOPLIST_FILE = ZhiHuDailyUITests/Info.plist;
				LD_RUNPATH_SEARCH_PATHS = "$(inherited) @executable_path/Frameworks @loader_path/Frameworks";
				PRODUCT_BUNDLE_IDENTIFIER = com.km.ZhiHuDailyUITests;
				PRODUCT_NAME = "$(TARGET_NAME)";
				SWIFT_VERSION = 4.0;
				TARGETED_DEVICE_FAMILY = "1,2";
				TEST_TARGET_NAME = ZhiHuDaily;
			};
			name = Release;
		};
/* End XCBuildConfiguration section */

/* Begin XCConfigurationList section */
		183C3CB91FAAFC24006A8F39 /* Build configuration list for PBXProject "ZhiHuDaily" */ = {
			isa = XCConfigurationList;
			buildConfigurations = (
				183C3CE41FAAFC25006A8F39 /* Debug */,
				183C3CE51FAAFC25006A8F39 /* Release */,
			);
			defaultConfigurationIsVisible = 0;
			defaultConfigurationName = Release;
		};
		183C3CE61FAAFC25006A8F39 /* Build configuration list for PBXNativeTarget "ZhiHuDaily" */ = {
			isa = XCConfigurationList;
			buildConfigurations = (
				183C3CE71FAAFC25006A8F39 /* Debug */,
				183C3CE81FAAFC25006A8F39 /* Release */,
			);
			defaultConfigurationIsVisible = 0;
			defaultConfigurationName = Release;
		};
		183C3CE91FAAFC25006A8F39 /* Build configuration list for PBXNativeTarget "ZhiHuDailyTests" */ = {
			isa = XCConfigurationList;
			buildConfigurations = (
				183C3CEA1FAAFC25006A8F39 /* Debug */,
				183C3CEB1FAAFC25006A8F39 /* Release */,
			);
			defaultConfigurationIsVisible = 0;
			defaultConfigurationName = Release;
		};
		183C3CEC1FAAFC25006A8F39 /* Build configuration list for PBXNativeTarget "ZhiHuDailyUITests" */ = {
			isa = XCConfigurationList;
			buildConfigurations = (
				183C3CED1FAAFC25006A8F39 /* Debug */,
				183C3CEE1FAAFC25006A8F39 /* Release */,
			);
			defaultConfigurationIsVisible = 0;
			defaultConfigurationName = Release;
		};
/* End XCConfigurationList section */
	};
	rootObject = 183C3CB61FAAFC24006A8F39 /* Project object */;
}
